# This file is automatically @generated by Cargo.
# It is not intended for manual editing.
version = 4

[[package]]
name = "mengxia"
version = "0.1.0"
dependencies = [
 "mengxia-app",
]

[[package]]
name = "mengxia-app"
version = "0.1.0"
dependencies = [
 "mengxia-domain",
 "mengxia-events",
 "mengxia-ports",
 "mengxia-types",
]

[[package]]
name = "mengxia-core-proto"
version = "0.1.0"

[[package]]
name = "mengxia-domain"
version = "0.1.0"
dependencies = [
 "mengxia-events",
 "mengxia-types",
]

[[package]]
name = "mengxia-events"
version = "0.1.0"
dependencies = [
 "mengxia-types",
]

[[package]]
name = "mengxia-framing"
version = "0.1.0"

[[package]]
name = "mengxia-platform-sandbox"
version = "0.1.0"

[[package]]
name = "mengxia-plugin-host"
version = "0.1.0"
dependencies = [
 "mengxia-app",
 "mengxia-ports",
]

[[package]]
name = "mengxia-plugin-package"
version = "0.1.0"

[[package]]
name = "mengxia-plugin-proto"
version = "0.1.0"

[[package]]
name = "mengxia-plugin-security"
version = "0.1.0"

[[package]]
name = "mengxia-ports"
version = "0.1.0"
dependencies = [
 "mengxia-domain",
 "mengxia-events",
 "mengxia-types",
]

[[package]]
name = "mengxia-storage-local"
version = "0.1.0"
dependencies = [
 "mengxia-ports",
 "mengxia-types",
]

[[package]]
name = "mengxia-store-sqlite"
version = "0.1.0"
dependencies = [
 "mengxia-app",
 "mengxia-domain",
 "mengxia-events",
 "mengxia-ports",
 "mengxia-types",
]

[[package]]
name = "mengxia-testkit"
version = "0.1.0"

[[package]]
name = "mengxia-types"
version = "0.1.0"

[[package]]
name = "mengxiad"
version = "0.1.0"
dependencies = [
 "mengxia-app",
]
